
Microsoft Visual Studio Solution File, Format Version 12.00
# Visual Studio 2012
Project("{FAE04EC0-301F-11D3-BF4B-00C04F79EFBC}") = "TestingWebApp", "TestingWebApp\TestingWebApp.csproj", "{D6AD63A3-34FB-4175-AE08-4511C535D34F}"
EndProject
Global
	GlobalSection(SolutionConfigurationPlatforms) = preSolution
		Debug|Any CPU = Debug|Any CPU
		Release|Any CPU = Release|Any CPU
	EndGlobalSection
	GlobalSection(ProjectConfigurationPlatforms) = postSolution
		{D6AD63A3-34FB-4175-AE08-4511C535D34F}.Debug|Any CPU.ActiveCfg = Debug|Any CPU
		{D6AD63A3-34FB-4175-AE08-4511C535D34F}.Debug|Any CPU.Build.0 = Debug|Any CPU
		{D6AD63A3-34FB-4175-AE08-4511C535D34F}.Release|Any CPU.ActiveCfg = Release|Any CPU
		{D6AD63A3-34FB-4175-AE08-4511C535D34F}.Release|Any CPU.Build.0 = Release|Any CPU
	EndGlobalSection
	GlobalSection(SolutionProperties) = preSolution
		HideSolutionNode = FALSE
	EndGlobalSection
EndGlobal
